
Microsoft Visual Studio Solution File, Format Version 12.00
# Visual Studio Version 17
VisualStudioVersion = 17.2.32616.157
MinimumVisualStudioVersion = 10.0.40219.1
Project("{FAE04EC0-301F-11D3-BF4B-00C04F79EFBC}") = "coding-playground", "coding-playground\coding-playground.csproj", "{1BC00EB9-25B7-4166-859F-1C50C526DBCB}"
EndProject
Global
	GlobalSection(SolutionConfigurationPlatforms) = preSolution
		Debug|Any CPU = Debug|Any CPU
		Release|Any CPU = Release|Any CPU
	EndGlobalSection
	GlobalSection(ProjectConfigurationPlatforms) = postSolution
		{1BC00EB9-25B7-4166-859F-1C50C526DBCB}.Debug|Any CPU.ActiveCfg = Debug|Any CPU
		{1BC00EB9-25B7-4166-859F-1C50C526DBCB}.Debug|Any CPU.Build.0 = Debug|Any CPU
		{1BC00EB9-25B7-4166-859F-1C50C526DBCB}.Release|Any CPU.ActiveCfg = Release|Any CPU
		{1BC00EB9-25B7-4166-859F-1C50C526DBCB}.Release|Any CPU.Build.0 = Release|Any CPU
	EndGlobalSection
	GlobalSection(SolutionProperties) = preSolution
		HideSolutionNode = FALSE
	EndGlobalSection
	GlobalSection(ExtensibilityGlobals) = postSolution
		SolutionGuid = {FB7BC894-3CE4-4A72-9934-5631EDFD34F7}
	EndGlobalSection
EndGlobal
